<?xml version="1.0" encoding="utf-8"?>
<Project ToolsVersion="4.0" xmlns="http://schemas.microsoft.com/developer/msbuild/2003">
  <ItemGroup>
    <Filter Include="源文件">
      <UniqueIdentifier>{04f3b140-ed09-4c00-a86b-5ee926673968}</UniqueIdentifier>
    </Filter>
    <Filter Include="生成的文件">
      <UniqueIdentifier>{ced32897-baad-4576-b6a0-2906b446e714}</UniqueIdentifier>
      <SourceControlFiles>False</SourceControlFiles>
    </Filter>
  </ItemGroup>
  <ItemGroup>
    <None Include="NailAlgops.def" />
  </ItemGroup>
  <ItemGroup>
    <ClCompile Include="NailAlgo_i.c">
      <Filter>生成的文件</Filter>
    </ClCompile>
    <ClCompile Include="NailAlgo_p.c">
      <Filter>生成的文件</Filter>
    </ClCompile>
    <ClCompile Include="dlldata.c">
      <Filter>生成的文件</Filter>
    </ClCompile>
  </ItemGroup>
</Project>